
Microsoft Visual Studio Solution File, Format Version 12.00
# Visual Studio 15
Project("{FAE04EC0-301F-11D3-BF4B-00C04F79EFBC}") = "Assembly-CSharp", "Assembly-CSharp.csproj", "{45FAA259-D059-A89F-EB09-B9E80B033806}"
EndProject
Project("{FAE04EC0-301F-11D3-BF4B-00C04F79EFBC}") = "Assembly-CSharp-Editor", "Assembly-CSharp-Editor.csproj", "{57E108B1-4376-1640-240B-A1238F23244A}"
EndProject
Global
	GlobalSection(SolutionConfigurationPlatforms) = preSolution
		Debug|Any CPU = Debug|Any CPU
		Release|Any CPU = Release|Any CPU
	EndGlobalSection
	GlobalSection(ProjectConfigurationPlatforms) = postSolution
		{45FAA259-D059-A89F-EB09-B9E80B033806}.Debug|Any CPU.ActiveCfg = Debug|Any CPU
		{45FAA259-D059-A89F-EB09-B9E80B033806}.Debug|Any CPU.Build.0 = Debug|Any CPU
		{45FAA259-D059-A89F-EB09-B9E80B033806}.Release|Any CPU.ActiveCfg = Release|Any CPU
		{45FAA259-D059-A89F-EB09-B9E80B033806}.Release|Any CPU.Build.0 = Release|Any CPU
		{57E108B1-4376-1640-240B-A1238F23244A}.Debug|Any CPU.ActiveCfg = Debug|Any CPU
		{57E108B1-4376-1640-240B-A1238F23244A}.Debug|Any CPU.Build.0 = Debug|Any CPU
		{57E108B1-4376-1640-240B-A1238F23244A}.Release|Any CPU.ActiveCfg = Release|Any CPU
		{57E108B1-4376-1640-240B-A1238F23244A}.Release|Any CPU.Build.0 = Release|Any CPU
	EndGlobalSection
	GlobalSection(SolutionProperties) = preSolution
		HideSolutionNode = FALSE
	EndGlobalSection
EndGlobal
